github.com/DevShedLabs/csvx-go v0.1.11 h1:+pbeETzyGg07md0X4sqqZcnUA2WLxgpb5NyEXMOxFvo=
github.com/DevShedLabs/csvx-go v0.1.11/go.mod h1:qvRE0kePuBssRM9bU/yb9hl+LM3MPazSqaI14+W8hQ8=
github.com/go-viper/mapstructure/v2 v2.5.0 h1:vM5IJoUAy3d7zRSVtIwQgBj7BiWtMPfmPEgAXnvj1Ro=
github.com/go-viper/mapstructure/v2 v2.5.0/go.mod h1:oJDH3BJKyqBA2TXFhDsKDGDTlndYOZ6rGS0BRZIxGhM=
